git.sr.ht/~jamesponddotco/xstd-go v0.0.0-20230414223430-a84829971683 h1:7cG2C1EUbe3BlggrtovEr7ps/WbNudWFYpnpOTclcuo=
git.sr.ht/~jamesponddotco/xstd-go v0.0.0-20230414223430-a84829971683/go.mod h1:0tqdK5/MZYSPxAiwtG4LlVfdQ+iaFoksU/FTIGQ/v/Y=
git.sr.ht/~jamesponddotco/xstd-go v0.0.0-20230416135002-a2216056c1a0 h1:EY4iRH2OVRK0JknO21ocjFJWydNEf4DZkn9FeAMIkiw=
git.sr.ht/~jamesponddotco/xstd-go v0.0.0-20230416135002-a2216056c1a0/go.mod h1:0tqdK5/MZYSPxAiwtG4LlVfdQ+iaFoksU/FTIGQ/v/Y=
golang.org/x/crypto v0.8.0 h1:pd9TJtTueMTVQXzk8E2XESSMQDj/U7OUu0PqJqPXQjQ=
golang.org/x/crypto v0.8.0/go.mod h1:mRqEX+O9/h5TFCrQhkgjo2yKi0yYA+9ecGkdQoHrywE=
golang.org/x/sys v0.7.0 h1:3jlCCIQZPdOYu1h8BkNvLz8Kgwtae2cagcG/VamtZRU=
golang.org/x/sys v0.7.0/go.mod h1:oPkhp1MJrh7nUepCBck5+mAzfO9JrbApNNgaTdGDITg=
