git.sr.ht/~jamesponddotco/xstd-go v0.0.0-20230506171649-ea779401c9ea h1:vGbjLamrlV9Ie3n+qPXZlHy3gb1mKA51TYqO2z9LNWI=
git.sr.ht/~jamesponddotco/xstd-go v0.0.0-20230506171649-ea779401c9ea/go.mod h1:0tqdK5/MZYSPxAiwtG4LlVfdQ+iaFoksU/FTIGQ/v/Y=
git.sr.ht/~jamesponddotco/xstd-go v0.8.0 h1:2FcwEvLunzTL/tSvlcs+pO60O8rlkIcr8bSoJWuT2W0=
git.sr.ht/~jamesponddotco/xstd-go v0.8.0/go.mod h1:L0SjmhDqcj/gR7oeNof+ed6l9VPk6oHPeNQSoaFBRFk=
